// !$*UTF8*$!
{
	archiveVersion = 1;
	classes = {
	};
	objectVersion = 56;
	objects = {

/* Begin PBXBuildFile section */
		CA71743C2A6D5C2B0028E34B /* AudioKit in Frameworks */ = {isa = PBXBuildFile; productRef = CA71743B2A6D5C2B0028E34B /* AudioKit */; };
		CA71743F2A6D5C3E0028E34B /* AudioKitEX in Frameworks */ = {isa = PBXBuildFile; productRef = CA71743E2A6D5C3E0028E34B /* AudioKitEX */; };
		CA7174422A6D5C540028E34B /* SoundpipeAudioKit in Frameworks */ = {isa = PBXBuildFile; productRef = CA7174412A6D5C540028E34B /* SoundpipeAudioKit */; };
		CA7174452A6D5C6E0028E34B /* AudioKitUI in Frameworks */ = {isa = PBXBuildFile; productRef = CA7174442A6D5C6E0028E34B /* AudioKitUI */; };
		CA7174472A6D5E6B0028E34B /* MetronomeButton.swift in Sources */ = {isa = PBXBuildFile; fileRef = CA7174462A6D5E6B0028E34B /* MetronomeButton.swift */; };
		CA7174492A6D62060028E34B /* MetronomeSlider.swift in Sources */ = {isa = PBXBuildFile; fileRef = CA7174482A6D62060028E34B /* MetronomeSlider.swift */; };
		CA71744B2A6D62130028E34B /* MetronomeTapButton.swift in Sources */ = {isa = PBXBuildFile; fileRef = CA71744A2A6D62130028E34B /* MetronomeTapButton.swift */; };
		CA71744D2A6D64A80028E34B /* MetronomeButton.swift in Sources */ = {isa = PBXBuildFile; fileRef = CA7174462A6D5E6B0028E34B /* MetronomeButton.swift */; };
		CA71744E2A6D64A80028E34B /* MetronomeButton.swift in Sources */ = {isa = PBXBuildFile; fileRef = CA7174462A6D5E6B0028E34B /* MetronomeButton.swift */; };
		CA71744F2A6D64AB0028E34B /* MetronomeSlider.swift in Sources */ = {isa = PBXBuildFile; fileRef = CA7174482A6D62060028E34B /* MetronomeSlider.swift */; };
		CA7174502A6D64AB0028E34B /* MetronomeSlider.swift in Sources */ = {isa = PBXBuildFile; fileRef = CA7174482A6D62060028E34B /* MetronomeSlider.swift */; };
		CAE076452A6BF589006B90DB /* MetronomeApp.swift in Sources */ = {isa = PBXBuildFile; fileRef = CAE076442A6BF589006B90DB /* MetronomeApp.swift */; };
		CAE076472A6BF589006B90DB /* ContentView.swift in Sources */ = {isa = PBXBuildFile; fileRef = CAE076462A6BF589006B90DB /* ContentView.swift */; };
		CAE076492A6BF589006B90DB /* Assets.xcassets in Resources */ = {isa = PBXBuildFile; fileRef = CAE076482A6BF589006B90DB /* Assets.xcassets */; };
		CAE0764C2A6BF589006B90DB /* Preview Assets.xcassets in Resources */ = {isa = PBXBuildFile; fileRef = CAE0764B2A6BF589006B90DB /* Preview Assets.xcassets */; };
		CAE076562A6BF58A006B90DB /* MetronomeTests.swift in Sources */ = {isa = PBXBuildFile; fileRef = CAE076552A6BF58A006B90DB /* MetronomeTests.swift */; };
		CAE076602A6BF58A006B90DB /* MetronomeUITests.swift in Sources */ = {isa = PBXBuildFile; fileRef = CAE0765F2A6BF58A006B90DB /* MetronomeUITests.swift */; };
		CAE076622A6BF58A006B90DB /* MetronomeUITestsLaunchTests.swift in Sources */ = {isa = PBXBuildFile; fileRef = CAE076612A6BF58A006B90DB /* MetronomeUITestsLaunchTests.swift */; };
		CAE0766F2A6BF5F7006B90DB /* tick_sound.wav in Resources */ = {isa = PBXBuildFile; fileRef = CAE0766E2A6BF5F6006B90DB /* tick_sound.wav */; };
		CAE076702A6BF5F7006B90DB /* tick_sound.wav in Resources */ = {isa = PBXBuildFile; fileRef = CAE0766E2A6BF5F6006B90DB /* tick_sound.wav */; };
		CAE076712A6BF5F7006B90DB /* tick_sound.wav in Resources */ = {isa = PBXBuildFile; fileRef = CAE0766E2A6BF5F6006B90DB /* tick_sound.wav */; };
		CAE076732A6BF64B006B90DB /* MetronomeView.swift in Sources */ = {isa = PBXBuildFile; fileRef = CAE076722A6BF64B006B90DB /* MetronomeView.swift */; };
		CAE076742A6BF64B006B90DB /* MetronomeView.swift in Sources */ = {isa = PBXBuildFile; fileRef = CAE076722A6BF64B006B90DB /* MetronomeView.swift */; };
		CAE076752A6BF64B006B90DB /* MetronomeView.swift in Sources */ = {isa = PBXBuildFile; fileRef = CAE076722A6BF64B006B90DB /* MetronomeView.swift */; };
		CAE076772A6BF663006B90DB /* MetronomeViewModel.swift in Sources */ = {isa = PBXBuildFile; fileRef = CAE076762A6BF663006B90DB /* MetronomeViewModel.swift */; };
		CAE076782A6BF663006B90DB /* MetronomeViewModel.swift in Sources */ = {isa = PBXBuildFile; fileRef = CAE076762A6BF663006B90DB /* MetronomeViewModel.swift */; };
		CAE076792A6BF663006B90DB /* MetronomeViewModel.swift in Sources */ = {isa = PBXBuildFile; fileRef = CAE076762A6BF663006B90DB /* MetronomeViewModel.swift */; };
		CAE0767B2A6BF788006B90DB /* TunerView.swift in Sources */ = {isa = PBXBuildFile; fileRef = CAE0767A2A6BF788006B90DB /* TunerView.swift */; };
		CAE0767C2A6BF788006B90DB /* TunerView.swift in Sources */ = {isa = PBXBuildFile; fileRef = CAE0767A2A6BF788006B90DB /* TunerView.swift */; };
		CAE0767D2A6BF788006B90DB /* TunerView.swift in Sources */ = {isa = PBXBuildFile; fileRef = CAE0767A2A6BF788006B90DB /* TunerView.swift */; };
		CAE0767F2A6BF87A006B90DB /* TunerViewModel.swift in Sources */ = {isa = PBXBuildFile; fileRef = CAE0767E2A6BF87A006B90DB /* TunerViewModel.swift */; };
		CAE076802A6BF87A006B90DB /* TunerViewModel.swift in Sources */ = {isa = PBXBuildFile; fileRef = CAE0767E2A6BF87A006B90DB /* TunerViewModel.swift */; };
		CAE076812A6BF87A006B90DB /* TunerViewModel.swift in Sources */ = {isa = PBXBuildFile; fileRef = CAE0767E2A6BF87A006B90DB /* TunerViewModel.swift */; };
/* End PBXBuildFile section */

/* Begin PBXContainerItemProxy section */
		CAE076522A6BF58A006B90DB /* PBXContainerItemProxy */ = {
			isa = PBXContainerItemProxy;
			containerPortal = CAE076392A6BF589006B90DB /* Project object */;
			proxyType = 1;
			remoteGlobalIDString = CAE076402A6BF589006B90DB;
			remoteInfo = Metronome;
		};
		CAE0765C2A6BF58A006B90DB /* PBXContainerItemProxy */ = {
			isa = PBXContainerItemProxy;
			containerPortal = CAE076392A6BF589006B90DB /* Project object */;
			proxyType = 1;
			remoteGlobalIDString = CAE076402A6BF589006B90DB;
			remoteInfo = Metronome;
		};
/* End PBXContainerItemProxy section */

/* Begin PBXFileReference section */
		CA7174462A6D5E6B0028E34B /* MetronomeButton.swift */ = {isa = PBXFileReference; lastKnownFileType = sourcecode.swift; path = MetronomeButton.swift; sourceTree = "<group>"; };
		CA7174482A6D62060028E34B /* MetronomeSlider.swift */ = {isa = PBXFileReference; lastKnownFileType = sourcecode.swift; path = MetronomeSlider.swift; sourceTree = "<group>"; };
		CA71744A2A6D62130028E34B /* MetronomeTapButton.swift */ = {isa = PBXFileReference; lastKnownFileType = sourcecode.swift; path = MetronomeTapButton.swift; sourceTree = "<group>"; };
		CAE076412A6BF589006B90DB /* Metronome.app */ = {isa = PBXFileReference; explicitFileType = wrapper.application; includeInIndex = 0; path = Metronome.app; sourceTree = BUILT_PRODUCTS_DIR; };
		CAE076442A6BF589006B90DB /* MetronomeApp.swift */ = {isa = PBXFileReference; lastKnownFileType = sourcecode.swift; path = MetronomeApp.swift; sourceTree = "<group>"; };
		CAE076462A6BF589006B90DB /* ContentView.swift */ = {isa = PBXFileReference; lastKnownFileType = sourcecode.swift; path = ContentView.swift; sourceTree = "<group>"; };
		CAE076482A6BF589006B90DB /* Assets.xcassets */ = {isa = PBXFileReference; lastKnownFileType = folder.assetcatalog; path = Assets.xcassets; sourceTree = "<group>"; };
		CAE0764B2A6BF589006B90DB /* Preview Assets.xcassets */ = {isa = PBXFileReference; lastKnownFileType = folder.assetcatalog; path = "Preview Assets.xcassets"; sourceTree = "<group>"; };
		CAE076512A6BF58A006B90DB /* MetronomeTests.xctest */ = {isa = PBXFileReference; explicitFileType = wrapper.cfbundle; includeInIndex = 0; path = MetronomeTests.xctest; sourceTree = BUILT_PRODUCTS_DIR; };
		CAE076552A6BF58A006B90DB /* MetronomeTests.swift */ = {isa = PBXFileReference; lastKnownFileType = sourcecode.swift; path = MetronomeTests.swift; sourceTree = "<group>"; };
		CAE0765B2A6BF58A006B90DB /* MetronomeUITests.xctest */ = {isa = PBXFileReference; explicitFileType = wrapper.cfbundle; includeInIndex = 0; path = MetronomeUITests.xctest; sourceTree = BUILT_PRODUCTS_DIR; };
		CAE0765F2A6BF58A006B90DB /* MetronomeUITests.swift */ = {isa = PBXFileReference; lastKnownFileType = sourcecode.swift; path = MetronomeUITests.swift; sourceTree = "<group>"; };
		CAE076612A6BF58A006B90DB /* MetronomeUITestsLaunchTests.swift */ = {isa = PBXFileReference; lastKnownFileType = sourcecode.swift; path = MetronomeUITestsLaunchTests.swift; sourceTree = "<group>"; };
		CAE0766E2A6BF5F6006B90DB /* tick_sound.wav */ = {isa = PBXFileReference; lastKnownFileType = audio.wav; name = tick_sound.wav; path = Metronome/Resources/tick_sound.wav; sourceTree = SOURCE_ROOT; };
		CAE076722A6BF64B006B90DB /* MetronomeView.swift */ = {isa = PBXFileReference; lastKnownFileType = sourcecode.swift; path = MetronomeView.swift; sourceTree = "<group>"; };
		CAE076762A6BF663006B90DB /* MetronomeViewModel.swift */ = {isa = PBXFileReference; lastKnownFileType = sourcecode.swift; path = MetronomeViewModel.swift; sourceTree = "<group>"; };
		CAE0767A2A6BF788006B90DB /* TunerView.swift */ = {isa = PBXFileReference; lastKnownFileType = sourcecode.swift; path = TunerView.swift; sourceTree = "<group>"; };
		CAE0767E2A6BF87A006B90DB /* TunerViewModel.swift */ = {isa = PBXFileReference; lastKnownFileType = sourcecode.swift; path = TunerViewModel.swift; sourceTree = "<group>"; };
		CAE076822A6BFD98006B90DB /* Info.plist */ = {isa = PBXFileReference; lastKnownFileType = text.plist; path = Info.plist; sourceTree = "<group>"; };
/* End PBXFileReference section */

/* Begin PBXFrameworksBuildPhase section */
		CAE0763E2A6BF589006B90DB /* Frameworks */ = {
			isa = PBXFrameworksBuildPhase;
			buildActionMask = 2147483647;
			files = (
				CA71743C2A6D5C2B0028E34B /* AudioKit in Frameworks */,
				CA71743F2A6D5C3E0028E34B /* AudioKitEX in Frameworks */,
				CA7174452A6D5C6E0028E34B /* AudioKitUI in Frameworks */,
				CA7174422A6D5C540028E34B /* SoundpipeAudioKit in Frameworks */,
			);
			runOnlyForDeploymentPostprocessing = 0;
		};
		CAE0764E2A6BF58A006B90DB /* Frameworks */ = {
			isa = PBXFrameworksBuildPhase;
			buildActionMask = 2147483647;
			files = (
			);
			runOnlyForDeploymentPostprocessing = 0;
		};
		CAE076582A6BF58A006B90DB /* Frameworks */ = {
			isa = PBXFrameworksBuildPhase;
			buildActionMask = 2147483647;
			files = (
			);
			runOnlyForDeploymentPostprocessing = 0;
		};
/* End PBXFrameworksBuildPhase section */

/* Begin PBXGroup section */
		CA71744C2A6D64940028E34B /* Views */ = {
			isa = PBXGroup;
			children = (
				CAE076722A6BF64B006B90DB /* MetronomeView.swift */,
				CA7174462A6D5E6B0028E34B /* MetronomeButton.swift */,
				CA7174482A6D62060028E34B /* MetronomeSlider.swift */,
				CA71744A2A6D62130028E34B /* MetronomeTapButton.swift */,
				CAE0767A2A6BF788006B90DB /* TunerView.swift */,
			);
			path = Views;
			sourceTree = "<group>";
		};
		CA7174512A6D64BA0028E34B /* Resources */ = {
			isa = PBXGroup;
			children = (
				CAE0766E2A6BF5F6006B90DB /* tick_sound.wav */,
				CAE076482A6BF589006B90DB /* Assets.xcassets */,
			);
			path = Resources;
			sourceTree = "<group>";
		};
		CA7174522A6D64DC0028E34B /* ViewModel */ = {
			isa = PBXGroup;
			children = (
				CAE076762A6BF663006B90DB /* MetronomeViewModel.swift */,
				CAE0767E2A6BF87A006B90DB /* TunerViewModel.swift */,
			);
			path = ViewModel;
			sourceTree = "<group>";
		};
		CAE076382A6BF589006B90DB = {
			isa = PBXGroup;
			children = (
				CAE076432A6BF589006B90DB /* Metronome */,
				CAE076542A6BF58A006B90DB /* MetronomeTests */,
				CAE0765E2A6BF58A006B90DB /* MetronomeUITests */,
				CAE076422A6BF589006B90DB /* Products */,
			);
			sourceTree = "<group>";
		};
		CAE076422A6BF589006B90DB /* Products */ = {
			isa = PBXGroup;
			children = (
				CAE076412A6BF589006B90DB /* Metronome.app */,
				CAE076512A6BF58A006B90DB /* MetronomeTests.xctest */,
				CAE0765B2A6BF58A006B90DB /* MetronomeUITests.xctest */,
			);
			name = Products;
			sourceTree = "<group>";
		};
		CAE076432A6BF589006B90DB /* Metronome */ = {
			isa = PBXGroup;
			children = (
				CA7174522A6D64DC0028E34B /* ViewModel */,
				CA7174512A6D64BA0028E34B /* Resources */,
				CA71744C2A6D64940028E34B /* Views */,
				CAE076822A6BFD98006B90DB /* Info.plist */,
				CAE076442A6BF589006B90DB /* MetronomeApp.swift */,
				CAE076462A6BF589006B90DB /* ContentView.swift */,
				CAE0764A2A6BF589006B90DB /* Preview Content */,
			);
			path = Metronome;
			sourceTree = "<group>";
		};
		CAE0764A2A6BF589006B90DB /* Preview Content */ = {
			isa = PBXGroup;
			children = (
				CAE0764B2A6BF589006B90DB /* Preview Assets.xcassets */,
			);
			path = "Preview Content";
			sourceTree = "<group>";
		};
		CAE076542A6BF58A006B90DB /* MetronomeTests */ = {
			isa = PBXGroup;
			children = (
				CAE076552A6BF58A006B90DB /* MetronomeTests.swift */,
			);
			path = MetronomeTests;
			sourceTree = "<group>";
		};
		CAE0765E2A6BF58A006B90DB /* MetronomeUITests */ = {
			isa = PBXGroup;
			children = (
				CAE0765F2A6BF58A006B90DB /* MetronomeUITests.swift */,
				CAE076612A6BF58A006B90DB /* MetronomeUITestsLaunchTests.swift */,
			);
			path = MetronomeUITests;
			sourceTree = "<group>";
		};
/* End PBXGroup section */

/* Begin PBXNativeTarget section */
		CAE076402A6BF589006B90DB /* Metronome */ = {
			isa = PBXNativeTarget;
			buildConfigurationList = CAE076652A6BF58A006B90DB /* Build configuration list for PBXNativeTarget "Metronome" */;
			buildPhases = (
				CAE0763D2A6BF589006B90DB /* Sources */,
				CAE0763E2A6BF589006B90DB /* Frameworks */,
				CAE0763F2A6BF589006B90DB /* Resources */,
			);
			buildRules = (
			);
			dependencies = (
			);
			name = Metronome;
			packageProductDependencies = (
				CA71743B2A6D5C2B0028E34B /* AudioKit */,
				CA71743E2A6D5C3E0028E34B /* AudioKitEX */,
				CA7174412A6D5C540028E34B /* SoundpipeAudioKit */,
				CA7174442A6D5C6E0028E34B /* AudioKitUI */,
			);
			productName = Metronome;
			productReference = CAE076412A6BF589006B90DB /* Metronome.app */;
			productType = "com.apple.product-type.application";
		};
		CAE076502A6BF58A006B90DB /* MetronomeTests */ = {
			isa = PBXNativeTarget;
			buildConfigurationList = CAE076682A6BF58A006B90DB /* Build configuration list for PBXNativeTarget "MetronomeTests" */;
			buildPhases = (
				CAE0764D2A6BF58A006B90DB /* Sources */,
				CAE0764E2A6BF58A006B90DB /* Frameworks */,
				CAE0764F2A6BF58A006B90DB /* Resources */,
			);
			buildRules = (
			);
			dependencies = (
				CAE076532A6BF58A006B90DB /* PBXTargetDependency */,
			);
			name = MetronomeTests;
			productName = MetronomeTests;
			productReference = CAE076512A6BF58A006B90DB /* MetronomeTests.xctest */;
			productType = "com.apple.product-type.bundle.unit-test";
		};
		CAE0765A2A6BF58A006B90DB /* MetronomeUITests */ = {
			isa = PBXNativeTarget;
			buildConfigurationList = CAE0766B2A6BF58A006B90DB /* Build configuration list for PBXNativeTarget "MetronomeUITests" */;
			buildPhases = (
				CAE076572A6BF58A006B90DB /* Sources */,
				CAE076582A6BF58A006B90DB /* Frameworks */,
				CAE076592A6BF58A006B90DB /* Resources */,
			);
			buildRules = (
			);
			dependencies = (
				CAE0765D2A6BF58A006B90DB /* PBXTargetDependency */,
			);
			name = MetronomeUITests;
			productName = MetronomeUITests;
			productReference = CAE0765B2A6BF58A006B90DB /* MetronomeUITests.xctest */;
			productType = "com.apple.product-type.bundle.ui-testing";
		};
/* End PBXNativeTarget section */

/* Begin PBXProject section */
		CAE076392A6BF589006B90DB /* Project object */ = {
			isa = PBXProject;
			attributes = {
				BuildIndependentTargetsInParallel = 1;
				LastSwiftUpdateCheck = 1430;
				LastUpgradeCheck = 1430;
				TargetAttributes = {
					CAE076402A6BF589006B90DB = {
						CreatedOnToolsVersion = 14.3.1;
					};
					CAE076502A6BF58A006B90DB = {
						CreatedOnToolsVersion = 14.3.1;
						TestTargetID = CAE076402A6BF589006B90DB;
					};
					CAE0765A2A6BF58A006B90DB = {
						CreatedOnToolsVersion = 14.3.1;
						TestTargetID = CAE076402A6BF589006B90DB;
					};
				};
			};
			buildConfigurationList = CAE0763C2A6BF589006B90DB /* Build configuration list for PBXProject "Metronome" */;
			compatibilityVersion = "Xcode 14.0";
			developmentRegion = en;
			hasScannedForEncodings = 0;
			knownRegions = (
				en,
				Base,
			);
			mainGroup = CAE076382A6BF589006B90DB;
			packageReferences = (
				CA71743A2A6D5C2A0028E34B /* XCRemoteSwiftPackageReference "AudioKit" */,
				CA71743D2A6D5C3E0028E34B /* XCRemoteSwiftPackageReference "AudioKitEX" */,
				CA7174402A6D5C540028E34B /* XCRemoteSwiftPackageReference "SoundpipeAudioKit" */,
				CA7174432A6D5C6E0028E34B /* XCRemoteSwiftPackageReference "AudioKitUI" */,
			);
			productRefGroup = CAE076422A6BF589006B90DB /* Products */;
			projectDirPath = "";
			projectRoot = "";
			targets = (
				CAE076402A6BF589006B90DB /* Metronome */,
				CAE076502A6BF58A006B90DB /* MetronomeTests */,
				CAE0765A2A6BF58A006B90DB /* MetronomeUITests */,
			);
		};
/* End PBXProject section */

/* Begin PBXResourcesBuildPhase section */
		CAE0763F2A6BF589006B90DB /* Resources */ = {
			isa = PBXResourcesBuildPhase;
			buildActionMask = 2147483647;
			files = (
				CAE0766F2A6BF5F7006B90DB /* tick_sound.wav in Resources */,
				CAE0764C2A6BF589006B90DB /* Preview Assets.xcassets in Resources */,
				CAE076492A6BF589006B90DB /* Assets.xcassets in Resources */,
			);
			runOnlyForDeploymentPostprocessing = 0;
		};
		CAE0764F2A6BF58A006B90DB /* Resources */ = {
			isa = PBXResourcesBuildPhase;
			buildActionMask = 2147483647;
			files = (
				CAE076702A6BF5F7006B90DB /* tick_sound.wav in Resources */,
			);
			runOnlyForDeploymentPostprocessing = 0;
		};
		CAE076592A6BF58A006B90DB /* Resources */ = {
			isa = PBXResourcesBuildPhase;
			buildActionMask = 2147483647;
			files = (
				CAE076712A6BF5F7006B90DB /* tick_sound.wav in Resources */,
			);
			runOnlyForDeploymentPostprocessing = 0;
		};
/* End PBXResourcesBuildPhase section */

/* Begin PBXSourcesBuildPhase section */
		CAE0763D2A6BF589006B90DB /* Sources */ = {
			isa = PBXSourcesBuildPhase;
			buildActionMask = 2147483647;
			files = (
				CAE076732A6BF64B006B90DB /* MetronomeView.swift in Sources */,
				CA71744B2A6D62130028E34B /* MetronomeTapButton.swift in Sources */,
				CA7174492A6D62060028E34B /* MetronomeSlider.swift in Sources */,
				CAE076772A6BF663006B90DB /* MetronomeViewModel.swift in Sources */,
				CAE076472A6BF589006B90DB /* ContentView.swift in Sources */,
				CAE0767F2A6BF87A006B90DB /* TunerViewModel.swift in Sources */,
				CAE0767B2A6BF788006B90DB /* TunerView.swift in Sources */,
				CA7174472A6D5E6B0028E34B /* MetronomeButton.swift in Sources */,
				CAE076452A6BF589006B90DB /* MetronomeApp.swift in Sources */,
			);
			runOnlyForDeploymentPostprocessing = 0;
		};
		CAE0764D2A6BF58A006B90DB /* Sources */ = {
			isa = PBXSourcesBuildPhase;
			buildActionMask = 2147483647;
			files = (
				CAE076782A6BF663006B90DB /* MetronomeViewModel.swift in Sources */,
				CAE076562A6BF58A006B90DB /* MetronomeTests.swift in Sources */,
				CA71744D2A6D64A80028E34B /* MetronomeButton.swift in Sources */,
				CAE076742A6BF64B006B90DB /* MetronomeView.swift in Sources */,
				CAE0767C2A6BF788006B90DB /* TunerView.swift in Sources */,
				CAE076802A6BF87A006B90DB /* TunerViewModel.swift in Sources */,
				CA71744F2A6D64AB0028E34B /* MetronomeSlider.swift in Sources */,
			);
			runOnlyForDeploymentPostprocessing = 0;
		};
		CAE076572A6BF58A006B90DB /* Sources */ = {
			isa = PBXSourcesBuildPhase;
			buildActionMask = 2147483647;
			files = (
				CAE076752A6BF64B006B90DB /* MetronomeView.swift in Sources */,
				CA7174502A6D64AB0028E34B /* MetronomeSlider.swift in Sources */,
				CAE076792A6BF663006B90DB /* MetronomeViewModel.swift in Sources */,
				CAE076602A6BF58A006B90DB /* MetronomeUITests.swift in Sources */,
				CAE076812A6BF87A006B90DB /* TunerViewModel.swift in Sources */,
				CAE0767D2A6BF788006B90DB /* TunerView.swift in Sources */,
				CA71744E2A6D64A80028E34B /* MetronomeButton.swift in Sources */,
				CAE076622A6BF58A006B90DB /* MetronomeUITestsLaunchTests.swift in Sources */,
			);
			runOnlyForDeploymentPostprocessing = 0;
		};
/* End PBXSourcesBuildPhase section */

/* Begin PBXTargetDependency section */
		CAE076532A6BF58A006B90DB /* PBXTargetDependency */ = {
			isa = PBXTargetDependency;
			target = CAE076402A6BF589006B90DB /* Metronome */;
			targetProxy = CAE076522A6BF58A006B90DB /* PBXContainerItemProxy */;
		};
		CAE0765D2A6BF58A006B90DB /* PBXTargetDependency */ = {
			isa = PBXTargetDependency;
			target = CAE076402A6BF589006B90DB /* Metronome */;
			targetProxy = CAE0765C2A6BF58A006B90DB /* PBXContainerItemProxy */;
		};
/* End PBXTargetDependency section */

/* Begin XCBuildConfiguration section */
		CAE076632A6BF58A006B90DB /* Debug */ = {
			isa = XCBuildConfiguration;
			buildSettings = {
				ALWAYS_SEARCH_USER_PATHS = NO;
				CLANG_ANALYZER_NONNULL = YES;
				CLANG_ANALYZER_NUMBER_OBJECT_CONVERSION = YES_AGGRESSIVE;
				CLANG_CXX_LANGUAGE_STANDARD = "gnu++20";
				CLANG_ENABLE_MODULES = YES;
				CLANG_ENABLE_OBJC_ARC = YES;
				CLANG_ENABLE_OBJC_WEAK = YES;
				CLANG_WARN_BLOCK_CAPTURE_AUTORELEASING = YES;
				CLANG_WARN_BOOL_CONVERSION = YES;
				CLANG_WARN_COMMA = YES;
				CLANG_WARN_CONSTANT_CONVERSION = YES;
				CLANG_WARN_DEPRECATED_OBJC_IMPLEMENTATIONS = YES;
				CLANG_WARN_DIRECT_OBJC_ISA_USAGE = YES_ERROR;
				CLANG_WARN_DOCUMENTATION_COMMENTS = YES;
				CLANG_WARN_EMPTY_BODY = YES;
				CLANG_WARN_ENUM_CONVERSION = YES;
				CLANG_WARN_INFINITE_RECURSION = YES;
				CLANG_WARN_INT_CONVERSION = YES;
				CLANG_WARN_NON_LITERAL_NULL_CONVERSION = YES;
				CLANG_WARN_OBJC_IMPLICIT_RETAIN_SELF = YES;
				CLANG_WARN_OBJC_LITERAL_CONVERSION = YES;
				CLANG_WARN_OBJC_ROOT_CLASS = YES_ERROR;
				CLANG_WARN_QUOTED_INCLUDE_IN_FRAMEWORK_HEADER = YES;
				CLANG_WARN_RANGE_LOOP_ANALYSIS = YES;
				CLANG_WARN_STRICT_PROTOTYPES = YES;
				CLANG_WARN_SUSPICIOUS_MOVE = YES;
				CLANG_WARN_UNGUARDED_AVAILABILITY = YES_AGGRESSIVE;
				CLANG_WARN_UNREACHABLE_CODE = YES;
				CLANG_WARN__DUPLICATE_METHOD_MATCH = YES;
				COPY_PHASE_STRIP = NO;
				DEBUG_INFORMATION_FORMAT = dwarf;
				ENABLE_STRICT_OBJC_MSGSEND = YES;
				ENABLE_TESTABILITY = YES;
				GCC_C_LANGUAGE_STANDARD = gnu11;
				GCC_DYNAMIC_NO_PIC = NO;
				GCC_NO_COMMON_BLOCKS = YES;
				GCC_OPTIMIZATION_LEVEL = 0;
				GCC_PREPROCESSOR_DEFINITIONS = (
					"DEBUG=1",
					"$(inherited)",
				);
				GCC_WARN_64_TO_32_BIT_CONVERSION = YES;
				GCC_WARN_ABOUT_RETURN_TYPE = YES_ERROR;
				GCC_WARN_UNDECLARED_SELECTOR = YES;
				GCC_WARN_UNINITIALIZED_AUTOS = YES_AGGRESSIVE;
				GCC_WARN_UNUSED_FUNCTION = YES;
				GCC_WARN_UNUSED_VARIABLE = YES;
				IPHONEOS_DEPLOYMENT_TARGET = 15.0;
				MTL_ENABLE_DEBUG_INFO = INCLUDE_SOURCE;
				MTL_FAST_MATH = YES;
				ONLY_ACTIVE_ARCH = YES;
				SDKROOT = iphoneos;
				SWIFT_ACTIVE_COMPILATION_CONDITIONS = DEBUG;
				SWIFT_OPTIMIZATION_LEVEL = "-Onone";
			};
			name = Debug;
		};
		CAE076642A6BF58A006B90DB /* Release */ = {
			isa = XCBuildConfiguration;
			buildSettings = {
				ALWAYS_SEARCH_USER_PATHS = NO;
				CLANG_ANALYZER_NONNULL = YES;
				CLANG_ANALYZER_NUMBER_OBJECT_CONVERSION = YES_AGGRESSIVE;
				CLANG_CXX_LANGUAGE_STANDARD = "gnu++20";
				CLANG_ENABLE_MODULES = YES;
				CLANG_ENABLE_OBJC_ARC = YES;
				CLANG_ENABLE_OBJC_WEAK = YES;
				CLANG_WARN_BLOCK_CAPTURE_AUTORELEASING = YES;
				CLANG_WARN_BOOL_CONVERSION = YES;
				CLANG_WARN_COMMA = YES;
				CLANG_WARN_CONSTANT_CONVERSION = YES;
				CLANG_WARN_DEPRECATED_OBJC_IMPLEMENTATIONS = YES;
				CLANG_WARN_DIRECT_OBJC_ISA_USAGE = YES_ERROR;
				CLANG_WARN_DOCUMENTATION_COMMENTS = YES;
				CLANG_WARN_EMPTY_BODY = YES;
				CLANG_WARN_ENUM_CONVERSION = YES;
				CLANG_WARN_INFINITE_RECURSION = YES;
				CLANG_WARN_INT_CONVERSION = YES;
				CLANG_WARN_NON_LITERAL_NULL_CONVERSION = YES;
				CLANG_WARN_OBJC_IMPLICIT_RETAIN_SELF = YES;
				CLANG_WARN_OBJC_LITERAL_CONVERSION = YES;
				CLANG_WARN_OBJC_ROOT_CLASS = YES_ERROR;
				CLANG_WARN_QUOTED_INCLUDE_IN_FRAMEWORK_HEADER = YES;
				CLANG_WARN_RANGE_LOOP_ANALYSIS = YES;
				CLANG_WARN_STRICT_PROTOTYPES = YES;
				CLANG_WARN_SUSPICIOUS_MOVE = YES;
				CLANG_WARN_UNGUARDED_AVAILABILITY = YES_AGGRESSIVE;
				CLANG_WARN_UNREACHABLE_CODE = YES;
				CLANG_WARN__DUPLICATE_METHOD_MATCH = YES;
				COPY_PHASE_STRIP = NO;
				DEBUG_INFORMATION_FORMAT = "dwarf-with-dsym";
				ENABLE_NS_ASSERTIONS = NO;
				ENABLE_STRICT_OBJC_MSGSEND = YES;
				GCC_C_LANGUAGE_STANDARD = gnu11;
				GCC_NO_COMMON_BLOCKS = YES;
				GCC_WARN_64_TO_32_BIT_CONVERSION = YES;
				GCC_WARN_ABOUT_RETURN_TYPE = YES_ERROR;
				GCC_WARN_UNDECLARED_SELECTOR = YES;
				GCC_WARN_UNINITIALIZED_AUTOS = YES_AGGRESSIVE;
				GCC_WARN_UNUSED_FUNCTION = YES;
				GCC_WARN_UNUSED_VARIABLE = YES;
				IPHONEOS_DEPLOYMENT_TARGET = 15.0;
				MTL_ENABLE_DEBUG_INFO = NO;
				MTL_FAST_MATH = YES;
				SDKROOT = iphoneos;
				SWIFT_COMPILATION_MODE = wholemodule;
				SWIFT_OPTIMIZATION_LEVEL = "-O";
				VALIDATE_PRODUCT = YES;
			};
			name = Release;
		};
		CAE076662A6BF58A006B90DB /* Debug */ = {
			isa = XCBuildConfiguration;
			buildSettings = {
				ASSETCATALOG_COMPILER_APPICON_NAME = AppIcon;
				ASSETCATALOG_COMPILER_GLOBAL_ACCENT_COLOR_NAME = AccentColor;
				CODE_SIGN_STYLE = Automatic;
				CURRENT_PROJECT_VERSION = 1;
				DEVELOPMENT_ASSET_PATHS = "\"Metronome/Preview Content\"";
				DEVELOPMENT_TEAM = 72QPQ3P58F;
				ENABLE_PREVIEWS = YES;
				GENERATE_INFOPLIST_FILE = YES;
				INFOPLIST_FILE = Metronome/Info.plist;
				INFOPLIST_KEY_LSApplicationCategoryType = "";
				INFOPLIST_KEY_NSMicrophoneUsageDescription = "\"To fetch your guitar tone\"";
				INFOPLIST_KEY_UIApplicationSceneManifest_Generation = YES;
				INFOPLIST_KEY_UIApplicationSupportsIndirectInputEvents = YES;
				INFOPLIST_KEY_UILaunchScreen_Generation = YES;
				INFOPLIST_KEY_UISupportedInterfaceOrientations_iPad = "UIInterfaceOrientationPortrait UIInterfaceOrientationPortraitUpsideDown UIInterfaceOrientationLandscapeLeft UIInterfaceOrientationLandscapeRight";
				INFOPLIST_KEY_UISupportedInterfaceOrientations_iPhone = "UIInterfaceOrientationPortrait UIInterfaceOrientationLandscapeLeft UIInterfaceOrientationLandscapeRight";
				IPHONEOS_DEPLOYMENT_TARGET = 15.0;
				LD_RUNPATH_SEARCH_PATHS = (
					"$(inherited)",
					"@executable_path/Frameworks",
				);
				MARKETING_VERSION = 1.0;
				PRODUCT_BUNDLE_IDENTIFIER = viohneq.Metronome;
				PRODUCT_NAME = "$(TARGET_NAME)";
				SWIFT_EMIT_LOC_STRINGS = YES;
				SWIFT_VERSION = 5.0;
				TARGETED_DEVICE_FAMILY = "1,2";
			};
			name = Debug;
		};
		CAE076672A6BF58A006B90DB /* Release */ = {
			isa = XCBuildConfiguration;
			buildSettings = {
				ASSETCATALOG_COMPILER_APPICON_NAME = AppIcon;
				ASSETCATALOG_COMPILER_GLOBAL_ACCENT_COLOR_NAME = AccentColor;
				CODE_SIGN_STYLE = Automatic;
				CURRENT_PROJECT_VERSION = 1;
				DEVELOPMENT_ASSET_PATHS = "\"Metronome/Preview Content\"";
				DEVELOPMENT_TEAM = 72QPQ3P58F;
				ENABLE_PREVIEWS = YES;
				GENERATE_INFOPLIST_FILE = YES;
				INFOPLIST_FILE = Metronome/Info.plist;
				INFOPLIST_KEY_LSApplicationCategoryType = "";
				INFOPLIST_KEY_NSMicrophoneUsageDescription = "\"To fetch your guitar tone\"";
				INFOPLIST_KEY_UIApplicationSceneManifest_Generation = YES;
				INFOPLIST_KEY_UIApplicationSupportsIndirectInputEvents = YES;
				INFOPLIST_KEY_UILaunchScreen_Generation = YES;
				INFOPLIST_KEY_UISupportedInterfaceOrientations_iPad = "UIInterfaceOrientationPortrait UIInterfaceOrientationPortraitUpsideDown UIInterfaceOrientationLandscapeLeft UIInterfaceOrientationLandscapeRight";
				INFOPLIST_KEY_UISupportedInterfaceOrientations_iPhone = "UIInterfaceOrientationPortrait UIInterfaceOrientationLandscapeLeft UIInterfaceOrientationLandscapeRight";
				IPHONEOS_DEPLOYMENT_TARGET = 15.0;
				LD_RUNPATH_SEARCH_PATHS = (
					"$(inherited)",
					"@executable_path/Frameworks",
				);
				MARKETING_VERSION = 1.0;
				PRODUCT_BUNDLE_IDENTIFIER = viohneq.Metronome;
				PRODUCT_NAME = "$(TARGET_NAME)";
				SWIFT_EMIT_LOC_STRINGS = YES;
				SWIFT_VERSION = 5.0;
				TARGETED_DEVICE_FAMILY = "1,2";
			};
			name = Release;
		};
		CAE076692A6BF58A006B90DB /* Debug */ = {
			isa = XCBuildConfiguration;
			buildSettings = {
				ALWAYS_EMBED_SWIFT_STANDARD_LIBRARIES = YES;
				BUNDLE_LOADER = "$(TEST_HOST)";
				CODE_SIGN_STYLE = Automatic;
				CURRENT_PROJECT_VERSION = 1;
				DEVELOPMENT_TEAM = 72QPQ3P58F;
				GENERATE_INFOPLIST_FILE = YES;
				IPHONEOS_DEPLOYMENT_TARGET = 16.4;
				MARKETING_VERSION = 1.0;
				PRODUCT_BUNDLE_IDENTIFIER = viohneq.MetronomeTests;
				PRODUCT_NAME = "$(TARGET_NAME)";
				SWIFT_EMIT_LOC_STRINGS = NO;
				SWIFT_VERSION = 5.0;
				TARGETED_DEVICE_FAMILY = "1,2";
				TEST_HOST = "$(BUILT_PRODUCTS_DIR)/Metronome.app/$(BUNDLE_EXECUTABLE_FOLDER_PATH)/Metronome";
			};
			name = Debug;
		};
		CAE0766A2A6BF58A006B90DB /* Release */ = {
			isa = XCBuildConfiguration;
			buildSettings = {
				ALWAYS_EMBED_SWIFT_STANDARD_LIBRARIES = YES;
				BUNDLE_LOADER = "$(TEST_HOST)";
				CODE_SIGN_STYLE = Automatic;
				CURRENT_PROJECT_VERSION = 1;
				DEVELOPMENT_TEAM = 72QPQ3P58F;
				GENERATE_INFOPLIST_FILE = YES;
				IPHONEOS_DEPLOYMENT_TARGET = 16.4;
				MARKETING_VERSION = 1.0;
				PRODUCT_BUNDLE_IDENTIFIER = viohneq.MetronomeTests;
				PRODUCT_NAME = "$(TARGET_NAME)";
				SWIFT_EMIT_LOC_STRINGS = NO;
				SWIFT_VERSION = 5.0;
				TARGETED_DEVICE_FAMILY = "1,2";
				TEST_HOST = "$(BUILT_PRODUCTS_DIR)/Metronome.app/$(BUNDLE_EXECUTABLE_FOLDER_PATH)/Metronome";
			};
			name = Release;
		};
		CAE0766C2A6BF58A006B90DB /* Debug */ = {
			isa = XCBuildConfiguration;
			buildSettings = {
				ALWAYS_EMBED_SWIFT_STANDARD_LIBRARIES = YES;
				CODE_SIGN_STYLE = Automatic;
				CURRENT_PROJECT_VERSION = 1;
				DEVELOPMENT_TEAM = 72QPQ3P58F;
				GENERATE_INFOPLIST_FILE = YES;
				MARKETING_VERSION = 1.0;
				PRODUCT_BUNDLE_IDENTIFIER = viohneq.MetronomeUITests;
				PRODUCT_NAME = "$(TARGET_NAME)";
				SWIFT_EMIT_LOC_STRINGS = NO;
				SWIFT_VERSION = 5.0;
				TARGETED_DEVICE_FAMILY = "1,2";
				TEST_TARGET_NAME = Metronome;
			};
			name = Debug;
		};
		CAE0766D2A6BF58A006B90DB /* Release */ = {
			isa = XCBuildConfiguration;
			buildSettings = {
				ALWAYS_EMBED_SWIFT_STANDARD_LIBRARIES = YES;
				CODE_SIGN_STYLE = Automatic;
				CURRENT_PROJECT_VERSION = 1;
				DEVELOPMENT_TEAM = 72QPQ3P58F;
				GENERATE_INFOPLIST_FILE = YES;
				MARKETING_VERSION = 1.0;
				PRODUCT_BUNDLE_IDENTIFIER = viohneq.MetronomeUITests;
				PRODUCT_NAME = "$(TARGET_NAME)";
				SWIFT_EMIT_LOC_STRINGS = NO;
				SWIFT_VERSION = 5.0;
				TARGETED_DEVICE_FAMILY = "1,2";
				TEST_TARGET_NAME = Metronome;
			};
			name = Release;
		};
/* End XCBuildConfiguration section */

/* Begin XCConfigurationList section */
		CAE0763C2A6BF589006B90DB /* Build configuration list for PBXProject "Metronome" */ = {
			isa = XCConfigurationList;
			buildConfigurations = (
				CAE076632A6BF58A006B90DB /* Debug */,
				CAE076642A6BF58A006B90DB /* Release */,
			);
			defaultConfigurationIsVisible = 0;
			defaultConfigurationName = Release;
		};
		CAE076652A6BF58A006B90DB /* Build configuration list for PBXNativeTarget "Metronome" */ = {
			isa = XCConfigurationList;
			buildConfigurations = (
				CAE076662A6BF58A006B90DB /* Debug */,
				CAE076672A6BF58A006B90DB /* Release */,
			);
			defaultConfigurationIsVisible = 0;
			defaultConfigurationName = Release;
		};
		CAE076682A6BF58A006B90DB /* Build configuration list for PBXNativeTarget "MetronomeTests" */ = {
			isa = XCConfigurationList;
			buildConfigurations = (
				CAE076692A6BF58A006B90DB /* Debug */,
				CAE0766A2A6BF58A006B90DB /* Release */,
			);
			defaultConfigurationIsVisible = 0;
			defaultConfigurationName = Release;
		};
		CAE0766B2A6BF58A006B90DB /* Build configuration list for PBXNativeTarget "MetronomeUITests" */ = {
			isa = XCConfigurationList;
			buildConfigurations = (
				CAE0766C2A6BF58A006B90DB /* Debug */,
				CAE0766D2A6BF58A006B90DB /* Release */,
			);
			defaultConfigurationIsVisible = 0;
			defaultConfigurationName = Release;
		};
/* End XCConfigurationList section */

/* Begin XCRemoteSwiftPackageReference section */
		CA71743A2A6D5C2A0028E34B /* XCRemoteSwiftPackageReference "AudioKit" */ = {
			isa = XCRemoteSwiftPackageReference;
			repositoryURL = "https://github.com/AudioKit/AudioKit.git";
			requirement = {
				kind = upToNextMajorVersion;
				minimumVersion = 5.0.0;
			};
		};
		CA71743D2A6D5C3E0028E34B /* XCRemoteSwiftPackageReference "AudioKitEX" */ = {
			isa = XCRemoteSwiftPackageReference;
			repositoryURL = "https://github.com/AudioKit/AudioKitEX.git";
			requirement = {
				kind = upToNextMajorVersion;
				minimumVersion = 5.0.0;
			};
		};
		CA7174402A6D5C540028E34B /* XCRemoteSwiftPackageReference "SoundpipeAudioKit" */ = {
			isa = XCRemoteSwiftPackageReference;
			repositoryURL = "https://github.com/AudioKit/SoundpipeAudioKit.git";
			requirement = {
				kind = upToNextMajorVersion;
				minimumVersion = 5.0.0;
			};
		};
		CA7174432A6D5C6E0028E34B /* XCRemoteSwiftPackageReference "AudioKitUI" */ = {
			isa = XCRemoteSwiftPackageReference;
			repositoryURL = "https://github.com/AudioKit/AudioKitUI.git";
			requirement = {
				kind = upToNextMajorVersion;
				minimumVersion = 0.3.5;
			};
		};
/* End XCRemoteSwiftPackageReference section */

/* Begin XCSwiftPackageProductDependency section */
		CA71743B2A6D5C2B0028E34B /* AudioKit */ = {
			isa = XCSwiftPackageProductDependency;
			package = CA71743A2A6D5C2A0028E34B /* XCRemoteSwiftPackageReference "AudioKit" */;
			productName = AudioKit;
		};
		CA71743E2A6D5C3E0028E34B /* AudioKitEX */ = {
			isa = XCSwiftPackageProductDependency;
			package = CA71743D2A6D5C3E0028E34B /* XCRemoteSwiftPackageReference "AudioKitEX" */;
			productName = AudioKitEX;
		};
		CA7174412A6D5C540028E34B /* SoundpipeAudioKit */ = {
			isa = XCSwiftPackageProductDependency;
			package = CA7174402A6D5C540028E34B /* XCRemoteSwiftPackageReference "SoundpipeAudioKit" */;
			productName = SoundpipeAudioKit;
		};
		CA7174442A6D5C6E0028E34B /* AudioKitUI */ = {
			isa = XCSwiftPackageProductDependency;
			package = CA7174432A6D5C6E0028E34B /* XCRemoteSwiftPackageReference "AudioKitUI" */;
			productName = AudioKitUI;
		};
/* End XCSwiftPackageProductDependency section */
	};
	rootObject = CAE076392A6BF589006B90DB /* Project object */;
}
